
Microsoft Visual Studio Solution File, Format Version 12.00
# Visual Studio Version 17
VisualStudioVersion = 17.14.36221.1 d17.14
MinimumVisualStudioVersion = 10.0.40219.1
Project("{888888A0-9F3D-457C-B088-3A5042F75D52}") = "train_emotion_model", "train_emotion_model\train_emotion_model.pyproj", "{2F8409E8-A749-42C6-9B31-542763B21AD4}"
EndProject
Global
	GlobalSection(SolutionConfigurationPlatforms) = preSolution
		Debug|Any CPU = Debug|Any CPU
		Release|Any CPU = Release|Any CPU
	EndGlobalSection
	GlobalSection(ProjectConfigurationPlatforms) = postSolution
		{2F8409E8-A749-42C6-9B31-542763B21AD4}.Debug|Any CPU.ActiveCfg = Debug|Any CPU
		{2F8409E8-A749-42C6-9B31-542763B21AD4}.Release|Any CPU.ActiveCfg = Release|Any CPU
	EndGlobalSection
	GlobalSection(SolutionProperties) = preSolution
		HideSolutionNode = FALSE
	EndGlobalSection
	GlobalSection(ExtensibilityGlobals) = postSolution
		SolutionGuid = {22BB2E3F-256A-4FC7-BB3E-736BC01FDBEE}
	EndGlobalSection
EndGlobal
