
Microsoft Visual Studio Solution File, Format Version 12.00
# Visual Studio Version 17
VisualStudioVersion = 17.14.36203.30 d17.14
MinimumVisualStudioVersion = 10.0.40219.1
Project("{888888A0-9F3D-457C-B088-3A5042F75D52}") = "logger", "logger\logger.pyproj", "{C6981F1F-6D2C-4387-9403-916CE3151F36}"
EndProject
Global
	GlobalSection(SolutionConfigurationPlatforms) = preSolution
		Debug|Any CPU = Debug|Any CPU
		Release|Any CPU = Release|Any CPU
	EndGlobalSection
	GlobalSection(ProjectConfigurationPlatforms) = postSolution
		{C6981F1F-6D2C-4387-9403-916CE3151F36}.Debug|Any CPU.ActiveCfg = Debug|Any CPU
		{C6981F1F-6D2C-4387-9403-916CE3151F36}.Release|Any CPU.ActiveCfg = Release|Any CPU
	EndGlobalSection
	GlobalSection(SolutionProperties) = preSolution
		HideSolutionNode = FALSE
	EndGlobalSection
	GlobalSection(ExtensibilityGlobals) = postSolution
		SolutionGuid = {9922FC78-5B12-40E1-89BD-4543F0175E96}
	EndGlobalSection
EndGlobal
